
Microsoft Visual Studio Solution File, Format Version 12.00
# Visual Studio Version 17
VisualStudioVersion = 17.0.32112.339
MinimumVisualStudioVersion = 10.0.40219.1
Project("{2150E333-8FDC-42A3-9474-1A3956D46DE8}") = "InteractiveExtensions", "InteractiveExtensions", "{931E6A07-3272-4153-B7BA-A597BC40FAA5}"
EndProject
Project("{2150E333-8FDC-42A3-9474-1A3956D46DE8}") = "Libraries", "Libraries", "{503E04AD-13D4-41FE-A5FD-CA2AB3B2623D}"
EndProject
Project("{2150E333-8FDC-42A3-9474-1A3956D46DE8}") = "Tests", "Tests", "{246885B4-382F-47A8-8F4F-BD41C7ED16CF}"
EndProject
Project("{2150E333-8FDC-42A3-9474-1A3956D46DE8}") = "Samples", "Samples", "{BA32B13F-089D-4F91-9E52-083B4BF69E12}"
EndProject
Project("{9A19103F-16F7-4668-BE54-9A1E7A4F7556}") = "Iot.Device.Model", "Iot.Device.Model\Iot.Device.Model.csproj", "{7EA6F45E-37B0-49E0-90C6-30DA66CF40C4}"
EndProject
Project("{9A19103F-16F7-4668-BE54-9A1E7A4F7556}") = "Iot.Device.Model.Tests", "Iot.Device.Model.Tests\Iot.Device.Model.Tests.csproj", "{9EFDA463-6C8A-4A58-A626-D8148B087887}"
EndProject
Global
	GlobalSection(SolutionConfigurationPlatforms) = preSolution
		Debug|Any CPU = Debug|Any CPU
		Release|Any CPU = Release|Any CPU
	EndGlobalSection
	GlobalSection(ProjectConfigurationPlatforms) = postSolution
		{7EA6F45E-37B0-49E0-90C6-30DA66CF40C4}.Debug|Any CPU.ActiveCfg = Debug|Any CPU
		{7EA6F45E-37B0-49E0-90C6-30DA66CF40C4}.Debug|Any CPU.Build.0 = Debug|Any CPU
		{7EA6F45E-37B0-49E0-90C6-30DA66CF40C4}.Release|Any CPU.ActiveCfg = Release|Any CPU
		{7EA6F45E-37B0-49E0-90C6-30DA66CF40C4}.Release|Any CPU.Build.0 = Release|Any CPU
		{9EFDA463-6C8A-4A58-A626-D8148B087887}.Debug|Any CPU.ActiveCfg = Debug|Any CPU
		{9EFDA463-6C8A-4A58-A626-D8148B087887}.Debug|Any CPU.Build.0 = Debug|Any CPU
		{9EFDA463-6C8A-4A58-A626-D8148B087887}.Release|Any CPU.ActiveCfg = Release|Any CPU
		{9EFDA463-6C8A-4A58-A626-D8148B087887}.Release|Any CPU.Build.0 = Release|Any CPU
	EndGlobalSection
	GlobalSection(SolutionProperties) = preSolution
		HideSolutionNode = FALSE
	EndGlobalSection
	GlobalSection(NestedProjects) = preSolution
		{7EA6F45E-37B0-49E0-90C6-30DA66CF40C4} = {503E04AD-13D4-41FE-A5FD-CA2AB3B2623D}
		{9EFDA463-6C8A-4A58-A626-D8148B087887} = {246885B4-382F-47A8-8F4F-BD41C7ED16CF}
	EndGlobalSection
	GlobalSection(ExtensibilityGlobals) = postSolution
		SolutionGuid = {98E1ADF8-88DF-4B1F-B486-650F4F9CC573}
	EndGlobalSection
EndGlobal
